
Microsoft Visual Studio Solution File, Format Version 12.00
# Visual Studio 15
VisualStudioVersion = 15.0.27703.2035
MinimumVisualStudioVersion = 10.0.40219.1
Project("{FAE04EC0-301F-11D3-BF4B-00C04F79EFBC}") = "Conjuntos", "Conjuntos\Conjuntos.csproj", "{8907E756-E5DB-45F7-AE53-FD0C044E5B02}"
EndProject
Global
	GlobalSection(SolutionConfigurationPlatforms) = preSolution
		Debug|Any CPU = Debug|Any CPU
		Release|Any CPU = Release|Any CPU
	EndGlobalSection
	GlobalSection(ProjectConfigurationPlatforms) = postSolution
		{8907E756-E5DB-45F7-AE53-FD0C044E5B02}.Debug|Any CPU.ActiveCfg = Debug|Any CPU
		{8907E756-E5DB-45F7-AE53-FD0C044E5B02}.Debug|Any CPU.Build.0 = Debug|Any CPU
		{8907E756-E5DB-45F7-AE53-FD0C044E5B02}.Release|Any CPU.ActiveCfg = Release|Any CPU
		{8907E756-E5DB-45F7-AE53-FD0C044E5B02}.Release|Any CPU.Build.0 = Release|Any CPU
	EndGlobalSection
	GlobalSection(SolutionProperties) = preSolution
		HideSolutionNode = FALSE
	EndGlobalSection
	GlobalSection(ExtensibilityGlobals) = postSolution
		SolutionGuid = {1F0B2592-950B-4BBF-B99F-63FC75C47B99}
	EndGlobalSection
EndGlobal
